hash: f0971dc921c074870c77f9fa511c642420b153c97ce618e297a85141ec61c933
updated: 2019-04-23T18:36:23.317075+08:00
imports:
- name: github.com/aliyun/aliyun-oss-go-sdk
  version: 08079eb9f6aaa13ee00b8fade6ceeffa138bf877
  subpackages:
  - oss
- name: github.com/BurntSushi/toml
  version: 3012a1dbe2e4bd1391d42b32f0577cb7bbc7f005
- name: github.com/cespare/xxhash
  version: 3767db7a7e183c0ad3395680d460d0b61534ae7b
- name: github.com/garyburd/redigo
  version: 569eae59ada904ea8db7a225c2b47165af08735a
  subpackages:
  - internal
  - redis
- name: github.com/go-sql-driver/mysql
  version: 578c4c8066964679ef44f45de2b6c7e811cc665e
- name: github.com/kr/pretty
  version: 73f6ac0b30a98e433b289500d779f50c1a6f0712
- name: github.com/kr/text
  version: e2ffdb16a802fe2bb95e2e35ff34f0e53aeef34f
- name: github.com/liuyongshuai/goUtils
  version: 9acaf0d1a37f92ae60abd9be415127247aaaf5e7
- name: github.com/stretchr/testify
  version: 34c6fa2dc70986bccbbffcc6130f6920a924b075
  subpackages:
  - mock
- name: golang.org/x/crypto
  version: d864b10871cd4370fe574816b489c819c675ccc7
  repo: https://github.com/golang/crypto.git
  subpackages:
  - ssh
  - ssh/terminal
- name: golang.org/x/net
  version: afa5a82059c6356159f699d81beff22a81842231
  repo: https://github.com/golang/net.git
  subpackages:
  - context
- name: golang.org/x/sync
  version: 112230192c580c3556b8cee6403af37a4fc5f28c
  repo: https://github.com/golang/sync.git
  subpackages:
  - errgroup
- name: golang.org/x/sys
  version: 953cdadca894cdc07be76fc99f95b40c28f06623
  repo: https://github.com/golang/sys.git
  subpackages:
  - unix
  - windows
- name: golang.org/x/time
  version: 9d24e82272b4f38b78bc8cff74fa936d31ccd8ef
  subpackages:
  - rate
- name: google.golang.org/appengine
  version: 54a98f90d1c46b7731eb8fb305d2a321c30ef610
  subpackages:
  - cloudsql
testImports: []
